
Microsoft Visual Studio Solution File, Format Version 12.00
# Visual Studio Version 17
VisualStudioVersion = 17.4.33213.308
MinimumVisualStudioVersion = 10.0.40219.1
Project("{FAE04EC0-301F-11D3-BF4B-00C04F79EFBC}") = "PluginAssembly", "PluginAssembly\PluginAssembly.csproj", "{42B0E03D-1C0E-4D4E-9FA4-1403768F25AE}"
EndProject
Project("{FAE04EC0-301F-11D3-BF4B-00C04F79EFBC}") = "CodeActivityAssembly", "CodeActivityAssembly\CodeActivityAssembly.csproj", "{C4BA45F8-0619-400F-BCF2-34BDC37A8704}"
EndProject
Project("{FAE04EC0-301F-11D3-BF4B-00C04F79EFBC}") = "Tooling", "Tooling\Tooling.csproj", "{42BD3816-8C1B-4EDA-AA73-4FE9C79675D3}"
EndProject
Project("{D954291E-2A0B-460D-934E-DC6B0785DB48}") = "EntityModels", "EntityModels\EntityModels.shproj", "{CA7E7CC7-812E-4A66-87DF-AB748130D6BD}"
EndProject
Project("{D954291E-2A0B-460D-934E-DC6B0785DB48}") = "BusinessServices", "BusinessServices\BusinessServices.shproj", "{3A77107C-EF47-4AA4-A376-79D0151FB7CD}"
EndProject
Project("{D954291E-2A0B-460D-934E-DC6B0785DB48}") = "DataAccessServices", "DataAccessServices\DataAccessServices.shproj", "{4FEF5F90-34EE-4624-9752-9ED9BEAB7DE7}"
EndProject
Project("{D954291E-2A0B-460D-934E-DC6B0785DB48}") = "Configuration", "Configuration\Configuration.shproj", "{87EF2660-4196-404A-83EC-2F85492A4E12}"
EndProject
Project("{FAE04EC0-301F-11D3-BF4B-00C04F79EFBC}") = "BackendAssemblyTest", "BackendAssemblyTest\BackendAssemblyTest.csproj", "{6124A188-7230-4DF5-A241-4962F72E9D05}"
EndProject
Global
	GlobalSection(SolutionConfigurationPlatforms) = preSolution
		Debug|Any CPU = Debug|Any CPU
		Release|Any CPU = Release|Any CPU
	EndGlobalSection
	GlobalSection(ProjectConfigurationPlatforms) = postSolution
		{42B0E03D-1C0E-4D4E-9FA4-1403768F25AE}.Debug|Any CPU.ActiveCfg = Debug|Any CPU
		{42B0E03D-1C0E-4D4E-9FA4-1403768F25AE}.Debug|Any CPU.Build.0 = Debug|Any CPU
		{42B0E03D-1C0E-4D4E-9FA4-1403768F25AE}.Release|Any CPU.ActiveCfg = Release|Any CPU
		{42B0E03D-1C0E-4D4E-9FA4-1403768F25AE}.Release|Any CPU.Build.0 = Release|Any CPU
		{C4BA45F8-0619-400F-BCF2-34BDC37A8704}.Debug|Any CPU.ActiveCfg = Debug|Any CPU
		{C4BA45F8-0619-400F-BCF2-34BDC37A8704}.Debug|Any CPU.Build.0 = Debug|Any CPU
		{C4BA45F8-0619-400F-BCF2-34BDC37A8704}.Release|Any CPU.ActiveCfg = Release|Any CPU
		{C4BA45F8-0619-400F-BCF2-34BDC37A8704}.Release|Any CPU.Build.0 = Release|Any CPU
		{42BD3816-8C1B-4EDA-AA73-4FE9C79675D3}.Debug|Any CPU.ActiveCfg = Debug|Any CPU
		{42BD3816-8C1B-4EDA-AA73-4FE9C79675D3}.Debug|Any CPU.Build.0 = Debug|Any CPU
		{42BD3816-8C1B-4EDA-AA73-4FE9C79675D3}.Release|Any CPU.ActiveCfg = Release|Any CPU
		{42BD3816-8C1B-4EDA-AA73-4FE9C79675D3}.Release|Any CPU.Build.0 = Release|Any CPU
		{6124A188-7230-4DF5-A241-4962F72E9D05}.Debug|Any CPU.ActiveCfg = Debug|Any CPU
		{6124A188-7230-4DF5-A241-4962F72E9D05}.Debug|Any CPU.Build.0 = Debug|Any CPU
		{6124A188-7230-4DF5-A241-4962F72E9D05}.Release|Any CPU.ActiveCfg = Release|Any CPU
		{6124A188-7230-4DF5-A241-4962F72E9D05}.Release|Any CPU.Build.0 = Release|Any CPU
	EndGlobalSection
	GlobalSection(SolutionProperties) = preSolution
		HideSolutionNode = FALSE
	EndGlobalSection
	GlobalSection(ExtensibilityGlobals) = postSolution
		SolutionGuid = {42F6682B-B27C-44E7-98C5-FB47C3FDD29B}
	EndGlobalSection
	GlobalSection(SharedMSBuildProjectFiles) = preSolution
		BusinessServices\BusinessServices.projitems*{3a77107c-ef47-4aa4-a376-79d0151fb7cd}*SharedItemsImports = 13
		BusinessServices\BusinessServices.projitems*{42b0e03d-1c0e-4d4e-9fa4-1403768f25ae}*SharedItemsImports = 4
		Configuration\Configuration.projitems*{42b0e03d-1c0e-4d4e-9fa4-1403768f25ae}*SharedItemsImports = 4
		DataAccessServices\DataAccessServices.projitems*{42b0e03d-1c0e-4d4e-9fa4-1403768f25ae}*SharedItemsImports = 4
		EntityModels\EntityModels.projitems*{42b0e03d-1c0e-4d4e-9fa4-1403768f25ae}*SharedItemsImports = 4
		DataAccessServices\DataAccessServices.projitems*{4fef5f90-34ee-4624-9752-9ed9beab7de7}*SharedItemsImports = 13
		BusinessServices\BusinessServices.projitems*{6124a188-7230-4df5-a241-4962f72e9d05}*SharedItemsImports = 4
		Configuration\Configuration.projitems*{6124a188-7230-4df5-a241-4962f72e9d05}*SharedItemsImports = 4
		DataAccessServices\DataAccessServices.projitems*{6124a188-7230-4df5-a241-4962f72e9d05}*SharedItemsImports = 4
		EntityModels\EntityModels.projitems*{6124a188-7230-4df5-a241-4962f72e9d05}*SharedItemsImports = 4
		Configuration\Configuration.projitems*{87ef2660-4196-404a-83ec-2f85492a4e12}*SharedItemsImports = 13
		EntityModels\EntityModels.projitems*{ca7e7cc7-812e-4a66-87df-ab748130d6bd}*SharedItemsImports = 13
	EndGlobalSection
EndGlobal
